
Microsoft Visual Studio Solution File, Format Version 12.00
# Visual Studio 14
VisualStudioVersion = 14.0.23107.0
MinimumVisualStudioVersion = 10.0.40219.1
Project("{FAE04EC0-301F-11D3-BF4B-00C04F79EFBC}") = "Joy Contact Manager", "Joy's Contact Manager\Joy Contact Manager.csproj", "{F7385933-55E8-4501-A896-07C655A0F6DD}"
EndProject
Global
	GlobalSection(SolutionConfigurationPlatforms) = preSolution
		Debug|Any CPU = Debug|Any CPU
		Release|Any CPU = Release|Any CPU
	EndGlobalSection
	GlobalSection(ProjectConfigurationPlatforms) = postSolution
		{F7385933-55E8-4501-A896-07C655A0F6DD}.Debug|Any CPU.ActiveCfg = Debug|Any CPU
		{F7385933-55E8-4501-A896-07C655A0F6DD}.Debug|Any CPU.Build.0 = Debug|Any CPU
		{F7385933-55E8-4501-A896-07C655A0F6DD}.Release|Any CPU.ActiveCfg = Release|Any CPU
		{F7385933-55E8-4501-A896-07C655A0F6DD}.Release|Any CPU.Build.0 = Release|Any CPU
	EndGlobalSection
	GlobalSection(SolutionProperties) = preSolution
		HideSolutionNode = FALSE
	EndGlobalSection
EndGlobal
